
Microsoft Visual Studio Solution File, Format Version 12.00
# Visual Studio Version 17
VisualStudioVersion = 17.14.36327.8 d17.14
MinimumVisualStudioVersion = 10.0.40219.1
Project("{8BC9CEB8-8B4A-11D0-8D11-00A0C91BC942}") = "Chess", "Chess.vcxproj", "{304AB635-F600-44A4-BEA4-9CF6C74A2F0A}"
EndProject
Global
	GlobalSection(SolutionConfigurationPlatforms) = preSolution
		Debug|x64 = Debug|x64
		Release|x64 = Release|x64
	EndGlobalSection
	GlobalSection(ProjectConfigurationPlatforms) = postSolution
		{304AB635-F600-44A4-BEA4-9CF6C74A2F0A}.Debug|x64.ActiveCfg = Debug|x64
		{304AB635-F600-44A4-BEA4-9CF6C74A2F0A}.Debug|x64.Build.0 = Debug|x64
		{304AB635-F600-44A4-BEA4-9CF6C74A2F0A}.Release|x64.ActiveCfg = Release|x64
		{304AB635-F600-44A4-BEA4-9CF6C74A2F0A}.Release|x64.Build.0 = Release|x64
	EndGlobalSection
	GlobalSection(SolutionProperties) = preSolution
		HideSolutionNode = FALSE
	EndGlobalSection
	GlobalSection(ExtensibilityGlobals) = postSolution
		SolutionGuid = {B0B925E5-F357-46BB-8CF9-33349D668418}
	EndGlobalSection
EndGlobal
